
Microsoft Visual Studio Solution File, Format Version 12.00
# Visual Studio Version 16
VisualStudioVersion = 16.0.31229.75
MinimumVisualStudioVersion = 10.0.40219.1
Project("{9A19103F-16F7-4668-BE54-9A1E7A4F7556}") = "AFI.API", "AFI.API\AFI.API.csproj", "{1311A6E5-25F3-4610-8A32-EE2B7017AF5E}"
EndProject
Project("{9A19103F-16F7-4668-BE54-9A1E7A4F7556}") = "AFI.API.Core", "AFI.API.Core\AFI.API.Core.csproj", "{232DE894-0943-467C-B853-938AFE2428B8}"
EndProject
Project("{9A19103F-16F7-4668-BE54-9A1E7A4F7556}") = "AFI.API.Model", "AFI.API.Model\AFI.API.Model.csproj", "{1027B516-862D-4827-A974-73E3DB9B1812}"
EndProject
Project("{9A19103F-16F7-4668-BE54-9A1E7A4F7556}") = "AFI.Data.Entities", "AFI.Data.Entities\AFI.Data.Entities.csproj", "{A6AB61A3-61DC-46D7-8A7B-7E889DA46BA0}"
EndProject
Project("{9A19103F-16F7-4668-BE54-9A1E7A4F7556}") = "AFI.Data", "AFI.Data\AFI.Data.csproj", "{25F6A637-928D-44B3-A7DA-5530081C5BEE}"
EndProject
Project("{9A19103F-16F7-4668-BE54-9A1E7A4F7556}") = "AFI.API.Common", "AFI.API.Common\AFI.API.Common.csproj", "{4CEDD92D-F90C-4EF1-8515-1C892E72FC31}"
EndProject
Project("{9A19103F-16F7-4668-BE54-9A1E7A4F7556}") = "AFI.API.Core.Tests", "AFI.API.Core.Tests1\AFI.API.Core.Tests.csproj", "{B6ECF776-5647-4CD8-B4FA-9F8361ABE216}"
EndProject
Project("{9A19103F-16F7-4668-BE54-9A1E7A4F7556}") = "AFI.API.Tests", "AFI.API.Tests\AFI.API.Tests.csproj", "{FF915529-FF5E-4392-98D2-7A6BDDF25AEF}"
EndProject
Project("{2150E333-8FDC-42A3-9474-1A3956D46DE8}") = "Common", "Common", "{02ADF076-8894-41F7-A92D-ECD243B07142}"
EndProject
Project("{2150E333-8FDC-42A3-9474-1A3956D46DE8}") = "Core", "Core", "{F59DE4A4-B273-414C-ADE3-6C6261E84D28}"
EndProject
Project("{2150E333-8FDC-42A3-9474-1A3956D46DE8}") = "Data", "Data", "{7235D05C-4B73-4950-B841-D32AB2131E91}"
EndProject
Project("{2150E333-8FDC-42A3-9474-1A3956D46DE8}") = "Services", "Services", "{80688DFC-DD84-43F0-9D3B-7040F2C77080}"
EndProject
Global
	GlobalSection(SolutionConfigurationPlatforms) = preSolution
		Debug|Any CPU = Debug|Any CPU
		Release|Any CPU = Release|Any CPU
	EndGlobalSection
	GlobalSection(ProjectConfigurationPlatforms) = postSolution
		{1311A6E5-25F3-4610-8A32-EE2B7017AF5E}.Debug|Any CPU.ActiveCfg = Debug|Any CPU
		{1311A6E5-25F3-4610-8A32-EE2B7017AF5E}.Debug|Any CPU.Build.0 = Debug|Any CPU
		{1311A6E5-25F3-4610-8A32-EE2B7017AF5E}.Release|Any CPU.ActiveCfg = Release|Any CPU
		{1311A6E5-25F3-4610-8A32-EE2B7017AF5E}.Release|Any CPU.Build.0 = Release|Any CPU
		{232DE894-0943-467C-B853-938AFE2428B8}.Debug|Any CPU.ActiveCfg = Debug|Any CPU
		{232DE894-0943-467C-B853-938AFE2428B8}.Debug|Any CPU.Build.0 = Debug|Any CPU
		{232DE894-0943-467C-B853-938AFE2428B8}.Release|Any CPU.ActiveCfg = Release|Any CPU
		{232DE894-0943-467C-B853-938AFE2428B8}.Release|Any CPU.Build.0 = Release|Any CPU
		{1027B516-862D-4827-A974-73E3DB9B1812}.Debug|Any CPU.ActiveCfg = Debug|Any CPU
		{1027B516-862D-4827-A974-73E3DB9B1812}.Debug|Any CPU.Build.0 = Debug|Any CPU
		{1027B516-862D-4827-A974-73E3DB9B1812}.Release|Any CPU.ActiveCfg = Release|Any CPU
		{1027B516-862D-4827-A974-73E3DB9B1812}.Release|Any CPU.Build.0 = Release|Any CPU
		{A6AB61A3-61DC-46D7-8A7B-7E889DA46BA0}.Debug|Any CPU.ActiveCfg = Debug|Any CPU
		{A6AB61A3-61DC-46D7-8A7B-7E889DA46BA0}.Debug|Any CPU.Build.0 = Debug|Any CPU
		{A6AB61A3-61DC-46D7-8A7B-7E889DA46BA0}.Release|Any CPU.ActiveCfg = Release|Any CPU
		{A6AB61A3-61DC-46D7-8A7B-7E889DA46BA0}.Release|Any CPU.Build.0 = Release|Any CPU
		{25F6A637-928D-44B3-A7DA-5530081C5BEE}.Debug|Any CPU.ActiveCfg = Debug|Any CPU
		{25F6A637-928D-44B3-A7DA-5530081C5BEE}.Debug|Any CPU.Build.0 = Debug|Any CPU
		{25F6A637-928D-44B3-A7DA-5530081C5BEE}.Release|Any CPU.ActiveCfg = Release|Any CPU
		{25F6A637-928D-44B3-A7DA-5530081C5BEE}.Release|Any CPU.Build.0 = Release|Any CPU
		{4CEDD92D-F90C-4EF1-8515-1C892E72FC31}.Debug|Any CPU.ActiveCfg = Debug|Any CPU
		{4CEDD92D-F90C-4EF1-8515-1C892E72FC31}.Debug|Any CPU.Build.0 = Debug|Any CPU
		{4CEDD92D-F90C-4EF1-8515-1C892E72FC31}.Release|Any CPU.ActiveCfg = Release|Any CPU
		{4CEDD92D-F90C-4EF1-8515-1C892E72FC31}.Release|Any CPU.Build.0 = Release|Any CPU
		{B6ECF776-5647-4CD8-B4FA-9F8361ABE216}.Debug|Any CPU.ActiveCfg = Debug|Any CPU
		{B6ECF776-5647-4CD8-B4FA-9F8361ABE216}.Debug|Any CPU.Build.0 = Debug|Any CPU
		{B6ECF776-5647-4CD8-B4FA-9F8361ABE216}.Release|Any CPU.ActiveCfg = Release|Any CPU
		{B6ECF776-5647-4CD8-B4FA-9F8361ABE216}.Release|Any CPU.Build.0 = Release|Any CPU
		{FF915529-FF5E-4392-98D2-7A6BDDF25AEF}.Debug|Any CPU.ActiveCfg = Debug|Any CPU
		{FF915529-FF5E-4392-98D2-7A6BDDF25AEF}.Debug|Any CPU.Build.0 = Debug|Any CPU
		{FF915529-FF5E-4392-98D2-7A6BDDF25AEF}.Release|Any CPU.ActiveCfg = Release|Any CPU
		{FF915529-FF5E-4392-98D2-7A6BDDF25AEF}.Release|Any CPU.Build.0 = Release|Any CPU
	EndGlobalSection
	GlobalSection(SolutionProperties) = preSolution
		HideSolutionNode = FALSE
	EndGlobalSection
	GlobalSection(NestedProjects) = preSolution
		{1311A6E5-25F3-4610-8A32-EE2B7017AF5E} = {80688DFC-DD84-43F0-9D3B-7040F2C77080}
		{232DE894-0943-467C-B853-938AFE2428B8} = {F59DE4A4-B273-414C-ADE3-6C6261E84D28}
		{1027B516-862D-4827-A974-73E3DB9B1812} = {80688DFC-DD84-43F0-9D3B-7040F2C77080}
		{A6AB61A3-61DC-46D7-8A7B-7E889DA46BA0} = {7235D05C-4B73-4950-B841-D32AB2131E91}
		{25F6A637-928D-44B3-A7DA-5530081C5BEE} = {7235D05C-4B73-4950-B841-D32AB2131E91}
		{4CEDD92D-F90C-4EF1-8515-1C892E72FC31} = {02ADF076-8894-41F7-A92D-ECD243B07142}
		{B6ECF776-5647-4CD8-B4FA-9F8361ABE216} = {F59DE4A4-B273-414C-ADE3-6C6261E84D28}
		{FF915529-FF5E-4392-98D2-7A6BDDF25AEF} = {80688DFC-DD84-43F0-9D3B-7040F2C77080}
	EndGlobalSection
	GlobalSection(ExtensibilityGlobals) = postSolution
		SolutionGuid = {432ABEA2-66E2-459A-B651-FE22C3FC517C}
	EndGlobalSection
EndGlobal
