
Microsoft Visual Studio Solution File, Format Version 12.00
# Visual Studio Version 16
VisualStudioVersion = 16.0.31229.75
MinimumVisualStudioVersion = 10.0.40219.1
Project("{9A19103F-16F7-4668-BE54-9A1E7A4F7556}") = "AFI.API", "AFI.API\AFI.API.csproj", "{1311A6E5-25F3-4610-8A32-EE2B7017AF5E}"
EndProject
Project("{9A19103F-16F7-4668-BE54-9A1E7A4F7556}") = "AFI.API.Core", "AFI.API.Core\AFI.API.Core.csproj", "{232DE894-0943-467C-B853-938AFE2428B8}"
EndProject
Project("{9A19103F-16F7-4668-BE54-9A1E7A4F7556}") = "AFI.API.Model", "AFI.API.Model\AFI.API.Model.csproj", "{1027B516-862D-4827-A974-73E3DB9B1812}"
EndProject
Project("{9A19103F-16F7-4668-BE54-9A1E7A4F7556}") = "AFI.Data.Entities", "AFI.Data.Entities\AFI.Data.Entities.csproj", "{A6AB61A3-61DC-46D7-8A7B-7E889DA46BA0}"
EndProject
Project("{9A19103F-16F7-4668-BE54-9A1E7A4F7556}") = "AFI.Data", "AFI.Data\AFI.Data.csproj", "{25F6A637-928D-44B3-A7DA-5530081C5BEE}"
EndProject
Project("{9A19103F-16F7-4668-BE54-9A1E7A4F7556}") = "AFI.API.Common", "AFI.API.Common\AFI.API.Common.csproj", "{4CEDD92D-F90C-4EF1-8515-1C892E72FC31}"
EndProject
Project("{FAE04EC0-301F-11D3-BF4B-00C04F79EFBC}") = "AFI.API.Core.Tests", "AFI.API.Core.Tests\AFI.API.Core.Tests.csproj", "{84CB9B11-7BED-407A-A1B1-44FA0E2DB407}"
EndProject
Project("{FAE04EC0-301F-11D3-BF4B-00C04F79EFBC}") = "AFI.API.Tests", "AFI.API.Tests\AFI.API.Tests.csproj", "{1FD7553B-02B8-4574-94A3-1205BB72DD0C}"
EndProject
Global
	GlobalSection(SolutionConfigurationPlatforms) = preSolution
		Debug|Any CPU = Debug|Any CPU
		Release|Any CPU = Release|Any CPU
	EndGlobalSection
	GlobalSection(ProjectConfigurationPlatforms) = postSolution
		{1311A6E5-25F3-4610-8A32-EE2B7017AF5E}.Debug|Any CPU.ActiveCfg = Debug|Any CPU
		{1311A6E5-25F3-4610-8A32-EE2B7017AF5E}.Debug|Any CPU.Build.0 = Debug|Any CPU
		{1311A6E5-25F3-4610-8A32-EE2B7017AF5E}.Release|Any CPU.ActiveCfg = Release|Any CPU
		{1311A6E5-25F3-4610-8A32-EE2B7017AF5E}.Release|Any CPU.Build.0 = Release|Any CPU
		{232DE894-0943-467C-B853-938AFE2428B8}.Debug|Any CPU.ActiveCfg = Debug|Any CPU
		{232DE894-0943-467C-B853-938AFE2428B8}.Debug|Any CPU.Build.0 = Debug|Any CPU
		{232DE894-0943-467C-B853-938AFE2428B8}.Release|Any CPU.ActiveCfg = Release|Any CPU
		{232DE894-0943-467C-B853-938AFE2428B8}.Release|Any CPU.Build.0 = Release|Any CPU
		{1027B516-862D-4827-A974-73E3DB9B1812}.Debug|Any CPU.ActiveCfg = Debug|Any CPU
		{1027B516-862D-4827-A974-73E3DB9B1812}.Debug|Any CPU.Build.0 = Debug|Any CPU
		{1027B516-862D-4827-A974-73E3DB9B1812}.Release|Any CPU.ActiveCfg = Release|Any CPU
		{1027B516-862D-4827-A974-73E3DB9B1812}.Release|Any CPU.Build.0 = Release|Any CPU
		{A6AB61A3-61DC-46D7-8A7B-7E889DA46BA0}.Debug|Any CPU.ActiveCfg = Debug|Any CPU
		{A6AB61A3-61DC-46D7-8A7B-7E889DA46BA0}.Debug|Any CPU.Build.0 = Debug|Any CPU
		{A6AB61A3-61DC-46D7-8A7B-7E889DA46BA0}.Release|Any CPU.ActiveCfg = Release|Any CPU
		{A6AB61A3-61DC-46D7-8A7B-7E889DA46BA0}.Release|Any CPU.Build.0 = Release|Any CPU
		{25F6A637-928D-44B3-A7DA-5530081C5BEE}.Debug|Any CPU.ActiveCfg = Debug|Any CPU
		{25F6A637-928D-44B3-A7DA-5530081C5BEE}.Debug|Any CPU.Build.0 = Debug|Any CPU
		{25F6A637-928D-44B3-A7DA-5530081C5BEE}.Release|Any CPU.ActiveCfg = Release|Any CPU
		{25F6A637-928D-44B3-A7DA-5530081C5BEE}.Release|Any CPU.Build.0 = Release|Any CPU
		{4CEDD92D-F90C-4EF1-8515-1C892E72FC31}.Debug|Any CPU.ActiveCfg = Debug|Any CPU
		{4CEDD92D-F90C-4EF1-8515-1C892E72FC31}.Debug|Any CPU.Build.0 = Debug|Any CPU
		{4CEDD92D-F90C-4EF1-8515-1C892E72FC31}.Release|Any CPU.ActiveCfg = Release|Any CPU
		{4CEDD92D-F90C-4EF1-8515-1C892E72FC31}.Release|Any CPU.Build.0 = Release|Any CPU
		{84CB9B11-7BED-407A-A1B1-44FA0E2DB407}.Debug|Any CPU.ActiveCfg = Debug|Any CPU
		{84CB9B11-7BED-407A-A1B1-44FA0E2DB407}.Debug|Any CPU.Build.0 = Debug|Any CPU
		{84CB9B11-7BED-407A-A1B1-44FA0E2DB407}.Release|Any CPU.ActiveCfg = Release|Any CPU
		{84CB9B11-7BED-407A-A1B1-44FA0E2DB407}.Release|Any CPU.Build.0 = Release|Any CPU
		{1FD7553B-02B8-4574-94A3-1205BB72DD0C}.Debug|Any CPU.ActiveCfg = Debug|Any CPU
		{1FD7553B-02B8-4574-94A3-1205BB72DD0C}.Debug|Any CPU.Build.0 = Debug|Any CPU
		{1FD7553B-02B8-4574-94A3-1205BB72DD0C}.Release|Any CPU.ActiveCfg = Release|Any CPU
		{1FD7553B-02B8-4574-94A3-1205BB72DD0C}.Release|Any CPU.Build.0 = Release|Any CPU
	EndGlobalSection
	GlobalSection(SolutionProperties) = preSolution
		HideSolutionNode = FALSE
	EndGlobalSection
	GlobalSection(ExtensibilityGlobals) = postSolution
		SolutionGuid = {432ABEA2-66E2-459A-B651-FE22C3FC517C}
	EndGlobalSection
EndGlobal
